
Microsoft Visual Studio Solution File, Format Version 12.00
# Visual Studio Version 16
VisualStudioVersion = 16.0.30907.101
MinimumVisualStudioVersion = 10.0.40219.1
Project("{9A19103F-16F7-4668-BE54-9A1E7A4F7556}") = "ShipmentDiscountCalculationModule.UI", "ShipmentDiscountCalculationModule.UI\ShipmentDiscountCalculationModule.UI.csproj", "{8E5E1115-B59E-42FC-8431-A7CC26AE0E30}"
EndProject
Project("{9A19103F-16F7-4668-BE54-9A1E7A4F7556}") = "ShipmentDiscountCalculationModule.Application", "ShipmentDiscountCalculationModule.Application\ShipmentDiscountCalculationModule.Application.csproj", "{4C673AAB-620A-4085-87BB-6F09C73679B4}"
EndProject
Project("{9A19103F-16F7-4668-BE54-9A1E7A4F7556}") = "ShipmentDiscountCalculationModule.Application.Tests", "ShipmentDiscountCalculationModule.Application.Tests\ShipmentDiscountCalculationModule.Application.Tests.csproj", "{F5E0D4FF-6357-4AB5-8D7B-473BC6F56787}"
EndProject
Global
	GlobalSection(SolutionConfigurationPlatforms) = preSolution
		Debug|Any CPU = Debug|Any CPU
		Release|Any CPU = Release|Any CPU
	EndGlobalSection
	GlobalSection(ProjectConfigurationPlatforms) = postSolution
		{8E5E1115-B59E-42FC-8431-A7CC26AE0E30}.Debug|Any CPU.ActiveCfg = Debug|Any CPU
		{8E5E1115-B59E-42FC-8431-A7CC26AE0E30}.Debug|Any CPU.Build.0 = Debug|Any CPU
		{8E5E1115-B59E-42FC-8431-A7CC26AE0E30}.Release|Any CPU.ActiveCfg = Release|Any CPU
		{8E5E1115-B59E-42FC-8431-A7CC26AE0E30}.Release|Any CPU.Build.0 = Release|Any CPU
		{4C673AAB-620A-4085-87BB-6F09C73679B4}.Debug|Any CPU.ActiveCfg = Debug|Any CPU
		{4C673AAB-620A-4085-87BB-6F09C73679B4}.Debug|Any CPU.Build.0 = Debug|Any CPU
		{4C673AAB-620A-4085-87BB-6F09C73679B4}.Release|Any CPU.ActiveCfg = Release|Any CPU
		{4C673AAB-620A-4085-87BB-6F09C73679B4}.Release|Any CPU.Build.0 = Release|Any CPU
		{F5E0D4FF-6357-4AB5-8D7B-473BC6F56787}.Debug|Any CPU.ActiveCfg = Debug|Any CPU
		{F5E0D4FF-6357-4AB5-8D7B-473BC6F56787}.Debug|Any CPU.Build.0 = Debug|Any CPU
		{F5E0D4FF-6357-4AB5-8D7B-473BC6F56787}.Release|Any CPU.ActiveCfg = Release|Any CPU
		{F5E0D4FF-6357-4AB5-8D7B-473BC6F56787}.Release|Any CPU.Build.0 = Release|Any CPU
	EndGlobalSection
	GlobalSection(SolutionProperties) = preSolution
		HideSolutionNode = FALSE
	EndGlobalSection
	GlobalSection(ExtensibilityGlobals) = postSolution
		SolutionGuid = {904F8C36-9083-4581-93A8-3B574A4BA5EB}
	EndGlobalSection
EndGlobal
